// !$*UTF8*$!
{
	archiveVersion = 1;
	classes = {
	};
	objectVersion = 55;
	objects = {

/* Begin PBXBuildFile section */
		FD6782A727BCF46000BD8E0C /* AppDelegate.swift in Sources */ = {isa = PBXBuildFile; fileRef = FD6782A627BCF46000BD8E0C /* AppDelegate.swift */; };
		FD6782A927BCF46000BD8E0C /* SceneDelegate.swift in Sources */ = {isa = PBXBuildFile; fileRef = FD6782A827BCF46000BD8E0C /* SceneDelegate.swift */; };
		FD6782AB27BCF46000BD8E0C /* ViewController.swift in Sources */ = {isa = PBXBuildFile; fileRef = FD6782AA27BCF46000BD8E0C /* ViewController.swift */; };
		FD6782AE27BCF46000BD8E0C /* Main.storyboard in Resources */ = {isa = PBXBuildFile; fileRef = FD6782AC27BCF46000BD8E0C /* Main.storyboard */; };
		FD6782B027BCF46300BD8E0C /* Assets.xcassets in Resources */ = {isa = PBXBuildFile; fileRef = FD6782AF27BCF46300BD8E0C /* Assets.xcassets */; };
		FD6782B327BCF46300BD8E0C /* LaunchScreen.storyboard in Resources */ = {isa = PBXBuildFile; fileRef = FD6782B127BCF46300BD8E0C /* LaunchScreen.storyboard */; };
		FD6782BD27BCF6D900BD8E0C /* PersonModel.swift in Sources */ = {isa = PBXBuildFile; fileRef = FD6782BC27BCF6D900BD8E0C /* PersonModel.swift */; };
		FD6782BF27BCF83F00BD8E0C /* TableViewCell.swift in Sources */ = {isa = PBXBuildFile; fileRef = FD6782BE27BCF83F00BD8E0C /* TableViewCell.swift */; };
		FD6782C127BCFD9100BD8E0C /* DateViewController.swift in Sources */ = {isa = PBXBuildFile; fileRef = FD6782C027BCFD9100BD8E0C /* DateViewController.swift */; };
		FD6782C827BD4C2C00BD8E0C /* Realm in Frameworks */ = {isa = PBXBuildFile; productRef = FD6782C727BD4C2C00BD8E0C /* Realm */; };
		FD6782CA27BD4C2C00BD8E0C /* RealmSwift in Frameworks */ = {isa = PBXBuildFile; productRef = FD6782C927BD4C2C00BD8E0C /* RealmSwift */; };
		FDFF76DF27BD512300FA86D1 /* StorageManager.swift in Sources */ = {isa = PBXBuildFile; fileRef = FDFF76DE27BD512300FA86D1 /* StorageManager.swift */; };
/* End PBXBuildFile section */

/* Begin PBXFileReference section */
		FD6782A327BCF46000BD8E0C /* RealmProject.app */ = {isa = PBXFileReference; explicitFileType = wrapper.application; includeInIndex = 0; path = RealmProject.app; sourceTree = BUILT_PRODUCTS_DIR; };
		FD6782A627BCF46000BD8E0C /* AppDelegate.swift */ = {isa = PBXFileReference; lastKnownFileType = sourcecode.swift; path = AppDelegate.swift; sourceTree = "<group>"; };
		FD6782A827BCF46000BD8E0C /* SceneDelegate.swift */ = {isa = PBXFileReference; lastKnownFileType = sourcecode.swift; path = SceneDelegate.swift; sourceTree = "<group>"; };
		FD6782AA27BCF46000BD8E0C /* ViewController.swift */ = {isa = PBXFileReference; lastKnownFileType = sourcecode.swift; path = ViewController.swift; sourceTree = "<group>"; };
		FD6782AD27BCF46000BD8E0C /* Base */ = {isa = PBXFileReference; lastKnownFileType = file.storyboard; name = Base; path = Base.lproj/Main.storyboard; sourceTree = "<group>"; };
		FD6782AF27BCF46300BD8E0C /* Assets.xcassets */ = {isa = PBXFileReference; lastKnownFileType = folder.assetcatalog; path = Assets.xcassets; sourceTree = "<group>"; };
		FD6782B227BCF46300BD8E0C /* Base */ = {isa = PBXFileReference; lastKnownFileType = file.storyboard; name = Base; path = Base.lproj/LaunchScreen.storyboard; sourceTree = "<group>"; };
		FD6782B427BCF46400BD8E0C /* Info.plist */ = {isa = PBXFileReference; lastKnownFileType = text.plist.xml; path = Info.plist; sourceTree = "<group>"; };
		FD6782BC27BCF6D900BD8E0C /* PersonModel.swift */ = {isa = PBXFileReference; lastKnownFileType = sourcecode.swift; path = PersonModel.swift; sourceTree = "<group>"; };
		FD6782BE27BCF83F00BD8E0C /* TableViewCell.swift */ = {isa = PBXFileReference; lastKnownFileType = sourcecode.swift; path = TableViewCell.swift; sourceTree = "<group>"; };
		FD6782C027BCFD9100BD8E0C /* DateViewController.swift */ = {isa = PBXFileReference; lastKnownFileType = sourcecode.swift; path = DateViewController.swift; sourceTree = "<group>"; };
		FDFF76DE27BD512300FA86D1 /* StorageManager.swift */ = {isa = PBXFileReference; lastKnownFileType = sourcecode.swift; path = StorageManager.swift; sourceTree = "<group>"; };
/* End PBXFileReference section */

/* Begin PBXFrameworksBuildPhase section */
		FD6782A027BCF46000BD8E0C /* Frameworks */ = {
			isa = PBXFrameworksBuildPhase;
			buildActionMask = 2147483647;
			files = (
				FD6782CA27BD4C2C00BD8E0C /* RealmSwift in Frameworks */,
				FD6782C827BD4C2C00BD8E0C /* Realm in Frameworks */,
			);
			runOnlyForDeploymentPostprocessing = 0;
		};
/* End PBXFrameworksBuildPhase section */

/* Begin PBXGroup section */
		FD67829A27BCF45F00BD8E0C = {
			isa = PBXGroup;
			children = (
				FD6782A527BCF46000BD8E0C /* RealmProject */,
				FD6782A427BCF46000BD8E0C /* Products */,
			);
			sourceTree = "<group>";
		};
		FD6782A427BCF46000BD8E0C /* Products */ = {
			isa = PBXGroup;
			children = (
				FD6782A327BCF46000BD8E0C /* RealmProject.app */,
			);
			name = Products;
			sourceTree = "<group>";
		};
		FD6782A527BCF46000BD8E0C /* RealmProject */ = {
			isa = PBXGroup;
			children = (
				FD6782A627BCF46000BD8E0C /* AppDelegate.swift */,
				FD6782A827BCF46000BD8E0C /* SceneDelegate.swift */,
				FD6782C427BCFEF900BD8E0C /* Controller */,
				FD6782C527BCFF0600BD8E0C /* Model */,
				FD6782AC27BCF46000BD8E0C /* Main.storyboard */,
				FD6782AF27BCF46300BD8E0C /* Assets.xcassets */,
				FD6782B127BCF46300BD8E0C /* LaunchScreen.storyboard */,
				FD6782B427BCF46400BD8E0C /* Info.plist */,
			);
			path = RealmProject;
			sourceTree = "<group>";
		};
		FD6782C227BCFEDB00BD8E0C /* MainVc */ = {
			isa = PBXGroup;
			children = (
				FD6782AA27BCF46000BD8E0C /* ViewController.swift */,
				FD6782BE27BCF83F00BD8E0C /* TableViewCell.swift */,
			);
			path = MainVc;
			sourceTree = "<group>";
		};
		FD6782C327BCFEE600BD8E0C /* AddDateVC */ = {
			isa = PBXGroup;
			children = (
				FD6782C027BCFD9100BD8E0C /* DateViewController.swift */,
			);
			path = AddDateVC;
			sourceTree = "<group>";
		};
		FD6782C427BCFEF900BD8E0C /* Controller */ = {
			isa = PBXGroup;
			children = (
				FDFF76DE27BD512300FA86D1 /* StorageManager.swift */,
				FD6782C227BCFEDB00BD8E0C /* MainVc */,
				FD6782C327BCFEE600BD8E0C /* AddDateVC */,
			);
			path = Controller;
			sourceTree = "<group>";
		};
		FD6782C527BCFF0600BD8E0C /* Model */ = {
			isa = PBXGroup;
			children = (
				FD6782BC27BCF6D900BD8E0C /* PersonModel.swift */,
			);
			path = Model;
			sourceTree = "<group>";
		};
/* End PBXGroup section */

/* Begin PBXNativeTarget section */
		FD6782A227BCF46000BD8E0C /* RealmProject */ = {
			isa = PBXNativeTarget;
			buildConfigurationList = FD6782B727BCF46400BD8E0C /* Build configuration list for PBXNativeTarget "RealmProject" */;
			buildPhases = (
				FD67829F27BCF46000BD8E0C /* Sources */,
				FD6782A027BCF46000BD8E0C /* Frameworks */,
				FD6782A127BCF46000BD8E0C /* Resources */,
			);
			buildRules = (
			);
			dependencies = (
			);
			name = RealmProject;
			packageProductDependencies = (
				FD6782C727BD4C2C00BD8E0C /* Realm */,
				FD6782C927BD4C2C00BD8E0C /* RealmSwift */,
			);
			productName = RealmProject;
			productReference = FD6782A327BCF46000BD8E0C /* RealmProject.app */;
			productType = "com.apple.product-type.application";
		};
/* End PBXNativeTarget section */

/* Begin PBXProject section */
		FD67829B27BCF46000BD8E0C /* Project object */ = {
			isa = PBXProject;
			attributes = {
				BuildIndependentTargetsInParallel = 1;
				LastSwiftUpdateCheck = 1320;
				LastUpgradeCheck = 1320;
				TargetAttributes = {
					FD6782A227BCF46000BD8E0C = {
						CreatedOnToolsVersion = 13.2.1;
					};
				};
			};
			buildConfigurationList = FD67829E27BCF46000BD8E0C /* Build configuration list for PBXProject "RealmProject" */;
			compatibilityVersion = "Xcode 13.0";
			developmentRegion = en;
			hasScannedForEncodings = 0;
			knownRegions = (
				en,
				Base,
			);
			mainGroup = FD67829A27BCF45F00BD8E0C;
			packageReferences = (
				FD6782C627BD4C2C00BD8E0C /* XCRemoteSwiftPackageReference "realm-swift" */,
			);
			productRefGroup = FD6782A427BCF46000BD8E0C /* Products */;
			projectDirPath = "";
			projectRoot = "";
			targets = (
				FD6782A227BCF46000BD8E0C /* RealmProject */,
			);
		};
/* End PBXProject section */

/* Begin PBXResourcesBuildPhase section */
		FD6782A127BCF46000BD8E0C /* Resources */ = {
			isa = PBXResourcesBuildPhase;
			buildActionMask = 2147483647;
			files = (
				FD6782B327BCF46300BD8E0C /* LaunchScreen.storyboard in Resources */,
				FD6782B027BCF46300BD8E0C /* Assets.xcassets in Resources */,
				FD6782AE27BCF46000BD8E0C /* Main.storyboard in Resources */,
			);
			runOnlyForDeploymentPostprocessing = 0;
		};
/* End PBXResourcesBuildPhase section */

/* Begin PBXSourcesBuildPhase section */
		FD67829F27BCF46000BD8E0C /* Sources */ = {
			isa = PBXSourcesBuildPhase;
			buildActionMask = 2147483647;
			files = (
				FD6782BF27BCF83F00BD8E0C /* TableViewCell.swift in Sources */,
				FD6782BD27BCF6D900BD8E0C /* PersonModel.swift in Sources */,
				FD6782AB27BCF46000BD8E0C /* ViewController.swift in Sources */,
				FDFF76DF27BD512300FA86D1 /* StorageManager.swift in Sources */,
				FD6782A727BCF46000BD8E0C /* AppDelegate.swift in Sources */,
				FD6782C127BCFD9100BD8E0C /* DateViewController.swift in Sources */,
				FD6782A927BCF46000BD8E0C /* SceneDelegate.swift in Sources */,
			);
			runOnlyForDeploymentPostprocessing = 0;
		};
/* End PBXSourcesBuildPhase section */

/* Begin PBXVariantGroup section */
		FD6782AC27BCF46000BD8E0C /* Main.storyboard */ = {
			isa = PBXVariantGroup;
			children = (
				FD6782AD27BCF46000BD8E0C /* Base */,
			);
			name = Main.storyboard;
			sourceTree = "<group>";
		};
		FD6782B127BCF46300BD8E0C /* LaunchScreen.storyboard */ = {
			isa = PBXVariantGroup;
			children = (
				FD6782B227BCF46300BD8E0C /* Base */,
			);
			name = LaunchScreen.storyboard;
			sourceTree = "<group>";
		};
/* End PBXVariantGroup section */

/* Begin XCBuildConfiguration section */
		FD6782B527BCF46400BD8E0C /* Debug */ = {
			isa = XCBuildConfiguration;
			buildSettings = {
				ALWAYS_SEARCH_USER_PATHS = NO;
				CLANG_ANALYZER_NONNULL = YES;
				CLANG_ANALYZER_NUMBER_OBJECT_CONVERSION = YES_AGGRESSIVE;
				CLANG_CXX_LANGUAGE_STANDARD = "gnu++17";
				CLANG_CXX_LIBRARY = "libc++";
				CLANG_ENABLE_MODULES = YES;
				CLANG_ENABLE_OBJC_ARC = YES;
				CLANG_ENABLE_OBJC_WEAK = YES;
				CLANG_WARN_BLOCK_CAPTURE_AUTORELEASING = YES;
				CLANG_WARN_BOOL_CONVERSION = YES;
				CLANG_WARN_COMMA = YES;
				CLANG_WARN_CONSTANT_CONVERSION = YES;
				CLANG_WARN_DEPRECATED_OBJC_IMPLEMENTATIONS = YES;
				CLANG_WARN_DIRECT_OBJC_ISA_USAGE = YES_ERROR;
				CLANG_WARN_DOCUMENTATION_COMMENTS = YES;
				CLANG_WARN_EMPTY_BODY = YES;
				CLANG_WARN_ENUM_CONVERSION = YES;
				CLANG_WARN_INFINITE_RECURSION = YES;
				CLANG_WARN_INT_CONVERSION = YES;
				CLANG_WARN_NON_LITERAL_NULL_CONVERSION = YES;
				CLANG_WARN_OBJC_IMPLICIT_RETAIN_SELF = YES;
				CLANG_WARN_OBJC_LITERAL_CONVERSION = YES;
				CLANG_WARN_OBJC_ROOT_CLASS = YES_ERROR;
				CLANG_WARN_QUOTED_INCLUDE_IN_FRAMEWORK_HEADER = YES;
				CLANG_WARN_RANGE_LOOP_ANALYSIS = YES;
				CLANG_WARN_STRICT_PROTOTYPES = YES;
				CLANG_WARN_SUSPICIOUS_MOVE = YES;
				CLANG_WARN_UNGUARDED_AVAILABILITY = YES_AGGRESSIVE;
				CLANG_WARN_UNREACHABLE_CODE = YES;
				CLANG_WARN__DUPLICATE_METHOD_MATCH = YES;
				COPY_PHASE_STRIP = NO;
				DEBUG_INFORMATION_FORMAT = dwarf;
				ENABLE_STRICT_OBJC_MSGSEND = YES;
				ENABLE_TESTABILITY = YES;
				GCC_C_LANGUAGE_STANDARD = gnu11;
				GCC_DYNAMIC_NO_PIC = NO;
				GCC_NO_COMMON_BLOCKS = YES;
				GCC_OPTIMIZATION_LEVEL = 0;
				GCC_PREPROCESSOR_DEFINITIONS = (
					"DEBUG=1",
					"$(inherited)",
				);
				GCC_WARN_64_TO_32_BIT_CONVERSION = YES;
				GCC_WARN_ABOUT_RETURN_TYPE = YES_ERROR;
				GCC_WARN_UNDECLARED_SELECTOR = YES;
				GCC_WARN_UNINITIALIZED_AUTOS = YES_AGGRESSIVE;
				GCC_WARN_UNUSED_FUNCTION = YES;
				GCC_WARN_UNUSED_VARIABLE = YES;
				IPHONEOS_DEPLOYMENT_TARGET = 15.2;
				MTL_ENABLE_DEBUG_INFO = INCLUDE_SOURCE;
				MTL_FAST_MATH = YES;
				ONLY_ACTIVE_ARCH = YES;
				SDKROOT = iphoneos;
				SWIFT_ACTIVE_COMPILATION_CONDITIONS = DEBUG;
				SWIFT_OPTIMIZATION_LEVEL = "-Onone";
			};
			name = Debug;
		};
		FD6782B627BCF46400BD8E0C /* Release */ = {
			isa = XCBuildConfiguration;
			buildSettings = {
				ALWAYS_SEARCH_USER_PATHS = NO;
				CLANG_ANALYZER_NONNULL = YES;
				CLANG_ANALYZER_NUMBER_OBJECT_CONVERSION = YES_AGGRESSIVE;
				CLANG_CXX_LANGUAGE_STANDARD = "gnu++17";
				CLANG_CXX_LIBRARY = "libc++";
				CLANG_ENABLE_MODULES = YES;
				CLANG_ENABLE_OBJC_ARC = YES;
				CLANG_ENABLE_OBJC_WEAK = YES;
				CLANG_WARN_BLOCK_CAPTURE_AUTORELEASING = YES;
				CLANG_WARN_BOOL_CONVERSION = YES;
				CLANG_WARN_COMMA = YES;
				CLANG_WARN_CONSTANT_CONVERSION = YES;
				CLANG_WARN_DEPRECATED_OBJC_IMPLEMENTATIONS = YES;
				CLANG_WARN_DIRECT_OBJC_ISA_USAGE = YES_ERROR;
				CLANG_WARN_DOCUMENTATION_COMMENTS = YES;
				CLANG_WARN_EMPTY_BODY = YES;
				CLANG_WARN_ENUM_CONVERSION = YES;
				CLANG_WARN_INFINITE_RECURSION = YES;
				CLANG_WARN_INT_CONVERSION = YES;
				CLANG_WARN_NON_LITERAL_NULL_CONVERSION = YES;
				CLANG_WARN_OBJC_IMPLICIT_RETAIN_SELF = YES;
				CLANG_WARN_OBJC_LITERAL_CONVERSION = YES;
				CLANG_WARN_OBJC_ROOT_CLASS = YES_ERROR;
				CLANG_WARN_QUOTED_INCLUDE_IN_FRAMEWORK_HEADER = YES;
				CLANG_WARN_RANGE_LOOP_ANALYSIS = YES;
				CLANG_WARN_STRICT_PROTOTYPES = YES;
				CLANG_WARN_SUSPICIOUS_MOVE = YES;
				CLANG_WARN_UNGUARDED_AVAILABILITY = YES_AGGRESSIVE;
				CLANG_WARN_UNREACHABLE_CODE = YES;
				CLANG_WARN__DUPLICATE_METHOD_MATCH = YES;
				COPY_PHASE_STRIP = NO;
				DEBUG_INFORMATION_FORMAT = "dwarf-with-dsym";
				ENABLE_NS_ASSERTIONS = NO;
				ENABLE_STRICT_OBJC_MSGSEND = YES;
				GCC_C_LANGUAGE_STANDARD = gnu11;
				GCC_NO_COMMON_BLOCKS = YES;
				GCC_WARN_64_TO_32_BIT_CONVERSION = YES;
				GCC_WARN_ABOUT_RETURN_TYPE = YES_ERROR;
				GCC_WARN_UNDECLARED_SELECTOR = YES;
				GCC_WARN_UNINITIALIZED_AUTOS = YES_AGGRESSIVE;
				GCC_WARN_UNUSED_FUNCTION = YES;
				GCC_WARN_UNUSED_VARIABLE = YES;
				IPHONEOS_DEPLOYMENT_TARGET = 15.2;
				MTL_ENABLE_DEBUG_INFO = NO;
				MTL_FAST_MATH = YES;
				SDKROOT = iphoneos;
				SWIFT_COMPILATION_MODE = wholemodule;
				SWIFT_OPTIMIZATION_LEVEL = "-O";
				VALIDATE_PRODUCT = YES;
			};
			name = Release;
		};
		FD6782B827BCF46400BD8E0C /* Debug */ = {
			isa = XCBuildConfiguration;
			buildSettings = {
				ASSETCATALOG_COMPILER_APPICON_NAME = AppIcon;
				ASSETCATALOG_COMPILER_GLOBAL_ACCENT_COLOR_NAME = AccentColor;
				CODE_SIGN_STYLE = Automatic;
				CURRENT_PROJECT_VERSION = 1;
				DEVELOPMENT_TEAM = BC7M4A2H3L;
				GENERATE_INFOPLIST_FILE = YES;
				INFOPLIST_FILE = RealmProject/Info.plist;
				INFOPLIST_KEY_UIApplicationSupportsIndirectInputEvents = YES;
				INFOPLIST_KEY_UILaunchStoryboardName = LaunchScreen;
				INFOPLIST_KEY_UIMainStoryboardFile = Main;
				INFOPLIST_KEY_UISupportedInterfaceOrientations_iPad = "UIInterfaceOrientationPortrait UIInterfaceOrientationPortraitUpsideDown UIInterfaceOrientationLandscapeLeft UIInterfaceOrientationLandscapeRight";
				INFOPLIST_KEY_UISupportedInterfaceOrientations_iPhone = "UIInterfaceOrientationPortrait UIInterfaceOrientationLandscapeLeft UIInterfaceOrientationLandscapeRight";
				LD_RUNPATH_SEARCH_PATHS = (
					"$(inherited)",
					"@executable_path/Frameworks",
				);
				MARKETING_VERSION = 1.0;
				PRODUCT_BUNDLE_IDENTIFIER = BasilChistyakov.RealmProject;
				PRODUCT_NAME = "$(TARGET_NAME)";
				SWIFT_EMIT_LOC_STRINGS = YES;
				SWIFT_VERSION = 5.0;
				TARGETED_DEVICE_FAMILY = "1,2";
			};
			name = Debug;
		};
		FD6782B927BCF46400BD8E0C /* Release */ = {
			isa = XCBuildConfiguration;
			buildSettings = {
				ASSETCATALOG_COMPILER_APPICON_NAME = AppIcon;
				ASSETCATALOG_COMPILER_GLOBAL_ACCENT_COLOR_NAME = AccentColor;
				CODE_SIGN_STYLE = Automatic;
				CURRENT_PROJECT_VERSION = 1;
				DEVELOPMENT_TEAM = BC7M4A2H3L;
				GENERATE_INFOPLIST_FILE = YES;
				INFOPLIST_FILE = RealmProject/Info.plist;
				INFOPLIST_KEY_UIApplicationSupportsIndirectInputEvents = YES;
				INFOPLIST_KEY_UILaunchStoryboardName = LaunchScreen;
				INFOPLIST_KEY_UIMainStoryboardFile = Main;
				INFOPLIST_KEY_UISupportedInterfaceOrientations_iPad = "UIInterfaceOrientationPortrait UIInterfaceOrientationPortraitUpsideDown UIInterfaceOrientationLandscapeLeft UIInterfaceOrientationLandscapeRight";
				INFOPLIST_KEY_UISupportedInterfaceOrientations_iPhone = "UIInterfaceOrientationPortrait UIInterfaceOrientationLandscapeLeft UIInterfaceOrientationLandscapeRight";
				LD_RUNPATH_SEARCH_PATHS = (
					"$(inherited)",
					"@executable_path/Frameworks",
				);
				MARKETING_VERSION = 1.0;
				PRODUCT_BUNDLE_IDENTIFIER = BasilChistyakov.RealmProject;
				PRODUCT_NAME = "$(TARGET_NAME)";
				SWIFT_EMIT_LOC_STRINGS = YES;
				SWIFT_VERSION = 5.0;
				TARGETED_DEVICE_FAMILY = "1,2";
			};
			name = Release;
		};
/* End XCBuildConfiguration section */

/* Begin XCConfigurationList section */
		FD67829E27BCF46000BD8E0C /* Build configuration list for PBXProject "RealmProject" */ = {
			isa = XCConfigurationList;
			buildConfigurations = (
				FD6782B527BCF46400BD8E0C /* Debug */,
				FD6782B627BCF46400BD8E0C /* Release */,
			);
			defaultConfigurationIsVisible = 0;
			defaultConfigurationName = Release;
		};
		FD6782B727BCF46400BD8E0C /* Build configuration list for PBXNativeTarget "RealmProject" */ = {
			isa = XCConfigurationList;
			buildConfigurations = (
				FD6782B827BCF46400BD8E0C /* Debug */,
				FD6782B927BCF46400BD8E0C /* Release */,
			);
			defaultConfigurationIsVisible = 0;
			defaultConfigurationName = Release;
		};
/* End XCConfigurationList section */

/* Begin XCRemoteSwiftPackageReference section */
		FD6782C627BD4C2C00BD8E0C /* XCRemoteSwiftPackageReference "realm-swift" */ = {
			isa = XCRemoteSwiftPackageReference;
			repositoryURL = "https://github.com/realm/realm-swift.git";
			requirement = {
				branch = master;
				kind = branch;
			};
		};
/* End XCRemoteSwiftPackageReference section */

/* Begin XCSwiftPackageProductDependency section */
		FD6782C727BD4C2C00BD8E0C /* Realm */ = {
			isa = XCSwiftPackageProductDependency;
			package = FD6782C627BD4C2C00BD8E0C /* XCRemoteSwiftPackageReference "realm-swift" */;
			productName = Realm;
		};
		FD6782C927BD4C2C00BD8E0C /* RealmSwift */ = {
			isa = XCSwiftPackageProductDependency;
			package = FD6782C627BD4C2C00BD8E0C /* XCRemoteSwiftPackageReference "realm-swift" */;
			productName = RealmSwift;
		};
/* End XCSwiftPackageProductDependency section */
	};
	rootObject = FD67829B27BCF46000BD8E0C /* Project object */;
}
